
Microsoft Visual Studio Solution File, Format Version 12.00
# Visual Studio Version 17
VisualStudioVersion = 17.10.35013.160
MinimumVisualStudioVersion = 10.0.40219.1
Project("{9A19103F-16F7-4668-BE54-9A1E7A4F7556}") = "EContact", "EContact.csproj", "{9117EA94-BEB8-4806-BBE5-AAB3DCB1A43B}"
EndProject
Project("{54435603-DBB4-11D2-8724-00A0C9A8B90C}") = "EContactSetup", "..\EContactSetup\EContactSetup.vdproj", "{194175F6-0EBF-4FD8-A19A-4561A0EE2323}"
EndProject
Global
	GlobalSection(SolutionConfigurationPlatforms) = preSolution
		Debug|Any CPU = Debug|Any CPU
		Release|Any CPU = Release|Any CPU
	EndGlobalSection
	GlobalSection(ProjectConfigurationPlatforms) = postSolution
		{9117EA94-BEB8-4806-BBE5-AAB3DCB1A43B}.Debug|Any CPU.ActiveCfg = Debug|Any CPU
		{9117EA94-BEB8-4806-BBE5-AAB3DCB1A43B}.Debug|Any CPU.Build.0 = Debug|Any CPU
		{9117EA94-BEB8-4806-BBE5-AAB3DCB1A43B}.Release|Any CPU.ActiveCfg = Release|Any CPU
		{9117EA94-BEB8-4806-BBE5-AAB3DCB1A43B}.Release|Any CPU.Build.0 = Release|Any CPU
		{194175F6-0EBF-4FD8-A19A-4561A0EE2323}.Debug|Any CPU.ActiveCfg = Debug
		{194175F6-0EBF-4FD8-A19A-4561A0EE2323}.Release|Any CPU.ActiveCfg = Release
	EndGlobalSection
	GlobalSection(SolutionProperties) = preSolution
		HideSolutionNode = FALSE
	EndGlobalSection
	GlobalSection(ExtensibilityGlobals) = postSolution
		SolutionGuid = {2581BDE3-3A5F-4775-8E48-6352D5A9D900}
	EndGlobalSection
EndGlobal
